
Microsoft Visual Studio Solution File, Format Version 12.00
# Visual Studio 15
VisualStudioVersion = 15.0.28307.271
MinimumVisualStudioVersion = 10.0.40219.1
Project("{FAE04EC0-301F-11D3-BF4B-00C04F79EFBC}") = "ReviewConditionalLoopCollection", "ReviewConditionalLoopCollection\ReviewConditionalLoopCollection.csproj", "{F480B4CC-E586-4634-BA90-7216897FB345}"
EndProject
Project("{FAE04EC0-301F-11D3-BF4B-00C04F79EFBC}") = "ReviewMethods", "ReviewMethods\ReviewMethods.csproj", "{343A486D-F399-4C1F-A751-9386F95F93F0}"
EndProject
Project("{FAE04EC0-301F-11D3-BF4B-00C04F79EFBC}") = "ReviewClasses", "ReviewClasses\ReviewClasses.csproj", "{2CBE00C0-19E6-4302-8126-B45ED0738CF8}"
EndProject
Project("{FAE04EC0-301F-11D3-BF4B-00C04F79EFBC}") = "Example-WPF", "Example-WPF\Example-WPF.csproj", "{7CB7E9D0-9DA9-4ED9-A8C9-62933216BFF9}"
EndProject
Global
	GlobalSection(SolutionConfigurationPlatforms) = preSolution
		Debug|Any CPU = Debug|Any CPU
		Release|Any CPU = Release|Any CPU
	EndGlobalSection
	GlobalSection(ProjectConfigurationPlatforms) = postSolution
		{F480B4CC-E586-4634-BA90-7216897FB345}.Debug|Any CPU.ActiveCfg = Debug|Any CPU
		{F480B4CC-E586-4634-BA90-7216897FB345}.Debug|Any CPU.Build.0 = Debug|Any CPU
		{F480B4CC-E586-4634-BA90-7216897FB345}.Release|Any CPU.ActiveCfg = Release|Any CPU
		{F480B4CC-E586-4634-BA90-7216897FB345}.Release|Any CPU.Build.0 = Release|Any CPU
		{343A486D-F399-4C1F-A751-9386F95F93F0}.Debug|Any CPU.ActiveCfg = Debug|Any CPU
		{343A486D-F399-4C1F-A751-9386F95F93F0}.Debug|Any CPU.Build.0 = Debug|Any CPU
		{343A486D-F399-4C1F-A751-9386F95F93F0}.Release|Any CPU.ActiveCfg = Release|Any CPU
		{343A486D-F399-4C1F-A751-9386F95F93F0}.Release|Any CPU.Build.0 = Release|Any CPU
		{2CBE00C0-19E6-4302-8126-B45ED0738CF8}.Debug|Any CPU.ActiveCfg = Debug|Any CPU
		{2CBE00C0-19E6-4302-8126-B45ED0738CF8}.Debug|Any CPU.Build.0 = Debug|Any CPU
		{2CBE00C0-19E6-4302-8126-B45ED0738CF8}.Release|Any CPU.ActiveCfg = Release|Any CPU
		{2CBE00C0-19E6-4302-8126-B45ED0738CF8}.Release|Any CPU.Build.0 = Release|Any CPU
		{7CB7E9D0-9DA9-4ED9-A8C9-62933216BFF9}.Debug|Any CPU.ActiveCfg = Debug|Any CPU
		{7CB7E9D0-9DA9-4ED9-A8C9-62933216BFF9}.Debug|Any CPU.Build.0 = Debug|Any CPU
		{7CB7E9D0-9DA9-4ED9-A8C9-62933216BFF9}.Release|Any CPU.ActiveCfg = Release|Any CPU
		{7CB7E9D0-9DA9-4ED9-A8C9-62933216BFF9}.Release|Any CPU.Build.0 = Release|Any CPU
	EndGlobalSection
	GlobalSection(SolutionProperties) = preSolution
		HideSolutionNode = FALSE
	EndGlobalSection
	GlobalSection(ExtensibilityGlobals) = postSolution
		SolutionGuid = {1AB531DA-2BFB-4915-951D-C51AAC255FE2}
	EndGlobalSection
EndGlobal
